<?xml version="1.0" encoding="utf-8"?>
<Project ToolsVersion="4.0" xmlns="http://schemas.microsoft.com/developer/msbuild/2003">
  <ItemGroup>
    <Filter Include="core">
      <UniqueIdentifier>{4E40957C-3A77-960D-E363-7C10CF79120F}</UniqueIdentifier>
    </Filter>
    <Filter Include="events">
      <UniqueIdentifier>{5A9D08FC-463F-33D2-2FFA-46261B3BBA22}</UniqueIdentifier>
    </Filter>
    <Filter Include="platform">
      <UniqueIdentifier>{4A63C33C-3630-1E48-5F49-0CF04B7553D6}</UniqueIdentifier>
    </Filter>
    <Filter Include="platform\Vulkan">
      <UniqueIdentifier>{8A99CC96-F624-3A5B-FF35-BD4F6B40965B}</UniqueIdentifier>
    </Filter>
    <Filter Include="platform\imgui">
      <UniqueIdentifier>{344023FE-200E-1704-09A2-872AF50EF368}</UniqueIdentifier>
    </Filter>
    <Filter Include="renderer">
      <UniqueIdentifier>{9C6AA017-8837-FB22-B150-E9CA9D7C30B1}</UniqueIdentifier>
    </Filter>
    <Filter Include="utilities">
      <UniqueIdentifier>{212A0ED3-8D94-C249-D6D2-73EF427CA09E}</UniqueIdentifier>
    </Filter>
    <Filter Include="window">
      <UniqueIdentifier>{5DFE1E25-49A0-49FB-325B-5D4F1E9CD04B}</UniqueIdentifier>
    </Filter>
  </ItemGroup>
  <ItemGroup>
    <ClInclude Include="src\MainEntry.h" />
    <ClInclude Include="src\core\application.h">
      <Filter>core</Filter>
    </ClInclude>
    <ClInclude Include="src\core\assert.h">
      <Filter>core</Filter>
    </ClInclude>
    <ClInclude Include="src\core\core.h">
      <Filter>core</Filter>
    </ClInclude>
    <ClInclude Include="src\core\layer.h">
      <Filter>core</Filter>
    </ClInclude>
    <ClInclude Include="src\core\layerManager.h">
      <Filter>core</Filter>
    </ClInclude>
    <ClInclude Include="src\core\logs.h">
      <Filter>core</Filter>
    </ClInclude>
    <ClInclude Include="src\events\appEvents.h">
      <Filter>events</Filter>
    </ClInclude>
    <ClInclude Include="src\events\event.h">
      <Filter>events</Filter>
    </ClInclude>
    <ClInclude Include="src\events\keyboardEvents.h">
      <Filter>events</Filter>
    </ClInclude>
    <ClInclude Include="src\events\mouseEvents.h">
      <Filter>events</Filter>
    </ClInclude>
    <ClInclude Include="src\platform\Vulkan\VulkanCore.h">
      <Filter>platform\Vulkan</Filter>
    </ClInclude>
    <ClInclude Include="src\platform\Vulkan\VulkanDevice.h">
      <Filter>platform\Vulkan</Filter>
    </ClInclude>
    <ClInclude Include="src\platform\Vulkan\VulkanWindow.h">
      <Filter>platform\Vulkan</Filter>
    </ClInclude>
    <ClInclude Include="src\platform\imgui\ImguiBuild.h">
      <Filter>platform\imgui</Filter>
    </ClInclude>
    <ClInclude Include="src\renderer\device.h">
      <Filter>renderer</Filter>
    </ClInclude>
    <ClInclude Include="src\utilities\handles.h">
      <Filter>utilities</Filter>
    </ClInclude>
    <ClInclude Include="src\window\window.h">
      <Filter>window</Filter>
    </ClInclude>
  </ItemGroup>
  <ItemGroup>
    <ClCompile Include="src\core\application.cpp">
      <Filter>core</Filter>
    </ClCompile>
    <ClCompile Include="src\core\layer.cpp">
      <Filter>core</Filter>
    </ClCompile>
    <ClCompile Include="src\core\layerManager.cpp">
      <Filter>core</Filter>
    </ClCompile>
    <ClCompile Include="src\core\logs.cpp">
      <Filter>core</Filter>
    </ClCompile>
    <ClCompile Include="src\events\appEvents.cpp">
      <Filter>events</Filter>
    </ClCompile>
    <ClCompile Include="src\events\event.cpp">
      <Filter>events</Filter>
    </ClCompile>
    <ClCompile Include="src\events\keyboardEvents.cpp">
      <Filter>events</Filter>
    </ClCompile>
    <ClCompile Include="src\events\mouseEvents.cpp">
      <Filter>events</Filter>
    </ClCompile>
    <ClCompile Include="src\platform\Vulkan\VulkanDevice.cpp">
      <Filter>platform\Vulkan</Filter>
    </ClCompile>
    <ClCompile Include="src\platform\Vulkan\VulkanWindow.cpp">
      <Filter>platform\Vulkan</Filter>
    </ClCompile>
    <ClCompile Include="src\platform\imgui\ImguiBuild.cpp">
      <Filter>platform\imgui</Filter>
    </ClCompile>
  </ItemGroup>
</Project>